
Microsoft Visual Studio Solution File, Format Version 12.00
# Visual Studio Version 17
VisualStudioVersion = 17.11.35327.3
MinimumVisualStudioVersion = 10.0.40219.1
Project("{9A19103F-16F7-4668-BE54-9A1E7A4F7556}") = "Bikes.API", "Bikes.API\Bikes.API.csproj", "{4264784A-F031-4524-8C9F-A1BD6E6D9DDC}"
EndProject
Project("{9A19103F-16F7-4668-BE54-9A1E7A4F7556}") = "Bikes.Domain", "Bikes.Domain\Bikes.Domain.csproj", "{DAA4161E-6C0D-4855-A5B2-EF930F511822}"
EndProject
Project("{9A19103F-16F7-4668-BE54-9A1E7A4F7556}") = "Bikes.Application", "Bikes.Application\Bikes.Application.csproj", "{9FDD8827-D1CD-4BAB-A782-D5545D463527}"
EndProject
Project("{9A19103F-16F7-4668-BE54-9A1E7A4F7556}") = "Bikes.Infrastructure", "Bikes.Infrastructure\Bikes.Infrastructure.csproj", "{4038D119-140F-47AA-8426-BEBABBB1A3D3}"
EndProject
Global
	GlobalSection(SolutionConfigurationPlatforms) = preSolution
		Debug|Any CPU = Debug|Any CPU
		Release|Any CPU = Release|Any CPU
	EndGlobalSection
	GlobalSection(ProjectConfigurationPlatforms) = postSolution
		{4264784A-F031-4524-8C9F-A1BD6E6D9DDC}.Debug|Any CPU.ActiveCfg = Debug|Any CPU
		{4264784A-F031-4524-8C9F-A1BD6E6D9DDC}.Debug|Any CPU.Build.0 = Debug|Any CPU
		{4264784A-F031-4524-8C9F-A1BD6E6D9DDC}.Release|Any CPU.ActiveCfg = Release|Any CPU
		{4264784A-F031-4524-8C9F-A1BD6E6D9DDC}.Release|Any CPU.Build.0 = Release|Any CPU
		{DAA4161E-6C0D-4855-A5B2-EF930F511822}.Debug|Any CPU.ActiveCfg = Debug|Any CPU
		{DAA4161E-6C0D-4855-A5B2-EF930F511822}.Debug|Any CPU.Build.0 = Debug|Any CPU
		{DAA4161E-6C0D-4855-A5B2-EF930F511822}.Release|Any CPU.ActiveCfg = Release|Any CPU
		{DAA4161E-6C0D-4855-A5B2-EF930F511822}.Release|Any CPU.Build.0 = Release|Any CPU
		{9FDD8827-D1CD-4BAB-A782-D5545D463527}.Debug|Any CPU.ActiveCfg = Debug|Any CPU
		{9FDD8827-D1CD-4BAB-A782-D5545D463527}.Debug|Any CPU.Build.0 = Debug|Any CPU
		{9FDD8827-D1CD-4BAB-A782-D5545D463527}.Release|Any CPU.ActiveCfg = Release|Any CPU
		{9FDD8827-D1CD-4BAB-A782-D5545D463527}.Release|Any CPU.Build.0 = Release|Any CPU
		{4038D119-140F-47AA-8426-BEBABBB1A3D3}.Debug|Any CPU.ActiveCfg = Debug|Any CPU
		{4038D119-140F-47AA-8426-BEBABBB1A3D3}.Debug|Any CPU.Build.0 = Debug|Any CPU
		{4038D119-140F-47AA-8426-BEBABBB1A3D3}.Release|Any CPU.ActiveCfg = Release|Any CPU
		{4038D119-140F-47AA-8426-BEBABBB1A3D3}.Release|Any CPU.Build.0 = Release|Any CPU
	EndGlobalSection
	GlobalSection(SolutionProperties) = preSolution
		HideSolutionNode = FALSE
	EndGlobalSection
	GlobalSection(ExtensibilityGlobals) = postSolution
		SolutionGuid = {BA50417E-93C3-4C5C-8F66-A408B3541318}
	EndGlobalSection
EndGlobal
